
Microsoft Visual Studio Solution File, Format Version 12.00
# Visual Studio Version 17
VisualStudioVersion = 17.6.33712.159
MinimumVisualStudioVersion = 10.0.40219.1
Project("{FAE04EC0-301F-11D3-BF4B-00C04F79EFBC}") = "Lab_3", "Lab_3\Lab_3.csproj", "{6028594A-CBDF-49CD-8E7A-9D18D497165E}"
EndProject
Global
	GlobalSection(SolutionConfigurationPlatforms) = preSolution
		Debug|Any CPU = Debug|Any CPU
		Release|Any CPU = Release|Any CPU
	EndGlobalSection
	GlobalSection(ProjectConfigurationPlatforms) = postSolution
		{6028594A-CBDF-49CD-8E7A-9D18D497165E}.Debug|Any CPU.ActiveCfg = Debug|Any CPU
		{6028594A-CBDF-49CD-8E7A-9D18D497165E}.Debug|Any CPU.Build.0 = Debug|Any CPU
		{6028594A-CBDF-49CD-8E7A-9D18D497165E}.Release|Any CPU.ActiveCfg = Release|Any CPU
		{6028594A-CBDF-49CD-8E7A-9D18D497165E}.Release|Any CPU.Build.0 = Release|Any CPU
	EndGlobalSection
	GlobalSection(SolutionProperties) = preSolution
		HideSolutionNode = FALSE
	EndGlobalSection
	GlobalSection(ExtensibilityGlobals) = postSolution
		SolutionGuid = {DBA9CB82-CA49-4CE3-8202-ADFBC24E6FC4}
	EndGlobalSection
EndGlobal
